
Microsoft Visual Studio Solution File, Format Version 12.00
# Visual Studio Version 17
VisualStudioVersion = 17.9.34728.123
MinimumVisualStudioVersion = 10.0.40219.1
Project("{FAE04EC0-301F-11D3-BF4B-00C04F79EFBC}") = "MedistockApp", "MedistockApp.csproj", "{DEC1F851-8C46-4946-BF87-D52ACCAF997A}"
EndProject
Global
	GlobalSection(SolutionConfigurationPlatforms) = preSolution
		Debug|Any CPU = Debug|Any CPU
		Release|Any CPU = Release|Any CPU
	EndGlobalSection
	GlobalSection(ProjectConfigurationPlatforms) = postSolution
		{DEC1F851-8C46-4946-BF87-D52ACCAF997A}.Debug|Any CPU.ActiveCfg = Debug|Any CPU
		{DEC1F851-8C46-4946-BF87-D52ACCAF997A}.Debug|Any CPU.Build.0 = Debug|Any CPU
		{DEC1F851-8C46-4946-BF87-D52ACCAF997A}.Release|Any CPU.ActiveCfg = Release|Any CPU
		{DEC1F851-8C46-4946-BF87-D52ACCAF997A}.Release|Any CPU.Build.0 = Release|Any CPU
	EndGlobalSection
	GlobalSection(SolutionProperties) = preSolution
		HideSolutionNode = FALSE
	EndGlobalSection
	GlobalSection(ExtensibilityGlobals) = postSolution
		SolutionGuid = {91C68D40-1EC8-4FAC-9FD4-EB3249DC2565}
	EndGlobalSection
EndGlobal
